
Microsoft Visual Studio Solution File, Format Version 12.00
# Visual Studio Version 17
VisualStudioVersion = 17.11.35312.102
MinimumVisualStudioVersion = 10.0.40219.1
Project("{FAE04EC0-301F-11D3-BF4B-00C04F79EFBC}") = "Task 1", "Task 1\Task 1.csproj", "{B185498F-D900-4E76-98DF-0F9989D006BA}"
EndProject
Global
	GlobalSection(SolutionConfigurationPlatforms) = preSolution
		Debug|Any CPU = Debug|Any CPU
		Release|Any CPU = Release|Any CPU
	EndGlobalSection
	GlobalSection(ProjectConfigurationPlatforms) = postSolution
		{B185498F-D900-4E76-98DF-0F9989D006BA}.Debug|Any CPU.ActiveCfg = Debug|Any CPU
		{B185498F-D900-4E76-98DF-0F9989D006BA}.Debug|Any CPU.Build.0 = Debug|Any CPU
		{B185498F-D900-4E76-98DF-0F9989D006BA}.Release|Any CPU.ActiveCfg = Release|Any CPU
		{B185498F-D900-4E76-98DF-0F9989D006BA}.Release|Any CPU.Build.0 = Release|Any CPU
	EndGlobalSection
	GlobalSection(SolutionProperties) = preSolution
		HideSolutionNode = FALSE
	EndGlobalSection
	GlobalSection(ExtensibilityGlobals) = postSolution
		SolutionGuid = {7E3516F0-F6AD-46E7-A6E9-0302BC81536D}
	EndGlobalSection
EndGlobal
